
Microsoft Visual Studio Solution File, Format Version 12.00
# Visual Studio Version 16
VisualStudioVersion = 16.0.29102.190
MinimumVisualStudioVersion = 10.0.40219.1
Project("{FAE04EC0-301F-11D3-BF4B-00C04F79EFBC}") = "AsyncEnumerableInterface", "AsyncEnumerableInterface\AsyncEnumerableInterface.csproj", "{481FF44F-C2DA-4E5B-93B0-8CA2FF756946}"
EndProject
Project("{2150E333-8FDC-42A3-9474-1A3956D46DE8}") = "Solution Items", "Solution Items", "{14CCBC8E-322F-4344-BA1D-635DDBE14EAF}"
	ProjectSection(SolutionItems) = preProject
		.gitattributes = .gitattributes
		.gitignore = .gitignore
		LICENSE = LICENSE
		README.md = README.md
	EndProjectSection
EndProject
Global
	GlobalSection(SolutionConfigurationPlatforms) = preSolution
		Debug|Any CPU = Debug|Any CPU
		Release|Any CPU = Release|Any CPU
	EndGlobalSection
	GlobalSection(ProjectConfigurationPlatforms) = postSolution
		{481FF44F-C2DA-4E5B-93B0-8CA2FF756946}.Debug|Any CPU.ActiveCfg = Debug|Any CPU
		{481FF44F-C2DA-4E5B-93B0-8CA2FF756946}.Debug|Any CPU.Build.0 = Debug|Any CPU
		{481FF44F-C2DA-4E5B-93B0-8CA2FF756946}.Release|Any CPU.ActiveCfg = Release|Any CPU
		{481FF44F-C2DA-4E5B-93B0-8CA2FF756946}.Release|Any CPU.Build.0 = Release|Any CPU
	EndGlobalSection
	GlobalSection(SolutionProperties) = preSolution
		HideSolutionNode = FALSE
	EndGlobalSection
	GlobalSection(ExtensibilityGlobals) = postSolution
		SolutionGuid = {66CC84FF-46D7-474D-AF58-4AF52CA36C78}
	EndGlobalSection
EndGlobal
